
Microsoft Visual Studio Solution File, Format Version 12.00
# Visual Studio Version 16
VisualStudioVersion = 16.0.31613.86
MinimumVisualStudioVersion = 10.0.40219.1
Project("{9A19103F-16F7-4668-BE54-9A1E7A4F7556}") = "EssentialTraining", "EssentialTraining\EssentialTraining.csproj", "{791F195B-5DC1-4F82-95B8-9797B876178B}"
EndProject
Project("{FAE04EC0-301F-11D3-BF4B-00C04F79EFBC}") = "EssentialTrainingTests", "EssentialTrainingTests\EssentialTrainingTests.csproj", "{D68118E7-2D04-480D-8035-88A430662509}"
EndProject
Project("{FAE04EC0-301F-11D3-BF4B-00C04F79EFBC}") = "EssentialTrainingApp", "EssentialTrainingApp\EssentialTrainingApp.csproj", "{FF3B063C-9477-4E3B-8EFC-9455D7F0F43D}"
EndProject
Global
	GlobalSection(SolutionConfigurationPlatforms) = preSolution
		Debug|Any CPU = Debug|Any CPU
		Release|Any CPU = Release|Any CPU
	EndGlobalSection
	GlobalSection(ProjectConfigurationPlatforms) = postSolution
		{791F195B-5DC1-4F82-95B8-9797B876178B}.Debug|Any CPU.ActiveCfg = Debug|Any CPU
		{791F195B-5DC1-4F82-95B8-9797B876178B}.Debug|Any CPU.Build.0 = Debug|Any CPU
		{791F195B-5DC1-4F82-95B8-9797B876178B}.Release|Any CPU.ActiveCfg = Release|Any CPU
		{791F195B-5DC1-4F82-95B8-9797B876178B}.Release|Any CPU.Build.0 = Release|Any CPU
		{D68118E7-2D04-480D-8035-88A430662509}.Debug|Any CPU.ActiveCfg = Debug|Any CPU
		{D68118E7-2D04-480D-8035-88A430662509}.Debug|Any CPU.Build.0 = Debug|Any CPU
		{D68118E7-2D04-480D-8035-88A430662509}.Release|Any CPU.ActiveCfg = Release|Any CPU
		{D68118E7-2D04-480D-8035-88A430662509}.Release|Any CPU.Build.0 = Release|Any CPU
		{FF3B063C-9477-4E3B-8EFC-9455D7F0F43D}.Debug|Any CPU.ActiveCfg = Debug|Any CPU
		{FF3B063C-9477-4E3B-8EFC-9455D7F0F43D}.Debug|Any CPU.Build.0 = Debug|Any CPU
		{FF3B063C-9477-4E3B-8EFC-9455D7F0F43D}.Release|Any CPU.ActiveCfg = Release|Any CPU
		{FF3B063C-9477-4E3B-8EFC-9455D7F0F43D}.Release|Any CPU.Build.0 = Release|Any CPU
	EndGlobalSection
	GlobalSection(SolutionProperties) = preSolution
		HideSolutionNode = FALSE
	EndGlobalSection
	GlobalSection(ExtensibilityGlobals) = postSolution
		SolutionGuid = {2A3EC19A-D44C-46AA-A623-6CEF9BAD0E09}
	EndGlobalSection
EndGlobal
